// !$*UTF8*$!
{
	archiveVersion = 1;
	classes = {
	};
	objectVersion = 56;
	objects = {

/* Begin PBXBuildFile section */
		7B7FC0D229C35E14001B957F /* FeedCell.swift in Sources */ = {isa = PBXBuildFile; fileRef = 7B7FC0D129C35E14001B957F /* FeedCell.swift */; };
		7BB71F4D29B5E0A400DE5146 /* FirebaseAnalytics in Frameworks */ = {isa = PBXBuildFile; productRef = 7BB71F4C29B5E0A400DE5146 /* FirebaseAnalytics */; };
		7BB71F4F29B5E0A400DE5146 /* FirebaseAuth in Frameworks */ = {isa = PBXBuildFile; productRef = 7BB71F4E29B5E0A400DE5146 /* FirebaseAuth */; };
		7BB71F5129B5E0A400DE5146 /* FirebaseFirestore in Frameworks */ = {isa = PBXBuildFile; productRef = 7BB71F5029B5E0A400DE5146 /* FirebaseFirestore */; };
		7BB71F5329B5E0A400DE5146 /* FirebaseFirestoreCombine-Community in Frameworks */ = {isa = PBXBuildFile; productRef = 7BB71F5229B5E0A400DE5146 /* FirebaseFirestoreCombine-Community */; };
		7BB71F5529B5E0A400DE5146 /* FirebaseFirestoreSwift in Frameworks */ = {isa = PBXBuildFile; productRef = 7BB71F5429B5E0A400DE5146 /* FirebaseFirestoreSwift */; };
		7BB71F5729B5E0A400DE5146 /* FirebaseStorage in Frameworks */ = {isa = PBXBuildFile; productRef = 7BB71F5629B5E0A400DE5146 /* FirebaseStorage */; };
		7BB71F5929B5E0A400DE5146 /* FirebaseStorageCombine-Community in Frameworks */ = {isa = PBXBuildFile; productRef = 7BB71F5829B5E0A400DE5146 /* FirebaseStorageCombine-Community */; };
		7BB71F5B29B5FD9F00DE5146 /* LegenddayRegular.ttf in Resources */ = {isa = PBXBuildFile; fileRef = 7BB71F5A29B5FD9F00DE5146 /* LegenddayRegular.ttf */; };
		7BB71F5D29B608CB00DE5146 /* FeedViewController.swift in Sources */ = {isa = PBXBuildFile; fileRef = 7BB71F5C29B608CB00DE5146 /* FeedViewController.swift */; };
		7BB71F5F29B608E800DE5146 /* UploadViewController.swift in Sources */ = {isa = PBXBuildFile; fileRef = 7BB71F5E29B608E800DE5146 /* UploadViewController.swift */; };
		7BB71F6129B6090100DE5146 /* ProfileViewController.swift in Sources */ = {isa = PBXBuildFile; fileRef = 7BB71F6029B6090100DE5146 /* ProfileViewController.swift */; };
		7BB71F6329B61A3B00DE5146 /* SignUpViewController.swift in Sources */ = {isa = PBXBuildFile; fileRef = 7BB71F6229B61A3B00DE5146 /* SignUpViewController.swift */; };
		7BFAAA7429AC893F00D9921C /* AppDelegate.swift in Sources */ = {isa = PBXBuildFile; fileRef = 7BFAAA7329AC893F00D9921C /* AppDelegate.swift */; };
		7BFAAA7629AC893F00D9921C /* SceneDelegate.swift in Sources */ = {isa = PBXBuildFile; fileRef = 7BFAAA7529AC893F00D9921C /* SceneDelegate.swift */; };
		7BFAAA7829AC893F00D9921C /* ViewController.swift in Sources */ = {isa = PBXBuildFile; fileRef = 7BFAAA7729AC893F00D9921C /* ViewController.swift */; };
		7BFAAA7B29AC893F00D9921C /* Main.storyboard in Resources */ = {isa = PBXBuildFile; fileRef = 7BFAAA7929AC893F00D9921C /* Main.storyboard */; };
		7BFAAA7D29AC894100D9921C /* Assets.xcassets in Resources */ = {isa = PBXBuildFile; fileRef = 7BFAAA7C29AC894100D9921C /* Assets.xcassets */; };
		7BFAAA8029AC894100D9921C /* LaunchScreen.storyboard in Resources */ = {isa = PBXBuildFile; fileRef = 7BFAAA7E29AC894100D9921C /* LaunchScreen.storyboard */; };
		7BFAAA8829AF630C00D9921C /* GoogleService-Info.plist in Resources */ = {isa = PBXBuildFile; fileRef = 7BFAAA8729AF630C00D9921C /* GoogleService-Info.plist */; };
/* End PBXBuildFile section */

/* Begin PBXFileReference section */
		7B7FC0D129C35E14001B957F /* FeedCell.swift */ = {isa = PBXFileReference; lastKnownFileType = sourcecode.swift; path = FeedCell.swift; sourceTree = "<group>"; };
		7BB71F5A29B5FD9F00DE5146 /* LegenddayRegular.ttf */ = {isa = PBXFileReference; lastKnownFileType = file; path = LegenddayRegular.ttf; sourceTree = "<group>"; };
		7BB71F5C29B608CB00DE5146 /* FeedViewController.swift */ = {isa = PBXFileReference; lastKnownFileType = sourcecode.swift; path = FeedViewController.swift; sourceTree = "<group>"; };
		7BB71F5E29B608E800DE5146 /* UploadViewController.swift */ = {isa = PBXFileReference; lastKnownFileType = sourcecode.swift; path = UploadViewController.swift; sourceTree = "<group>"; };
		7BB71F6029B6090100DE5146 /* ProfileViewController.swift */ = {isa = PBXFileReference; lastKnownFileType = sourcecode.swift; path = ProfileViewController.swift; sourceTree = "<group>"; };
		7BB71F6229B61A3B00DE5146 /* SignUpViewController.swift */ = {isa = PBXFileReference; lastKnownFileType = sourcecode.swift; path = SignUpViewController.swift; sourceTree = "<group>"; };
		7BFAAA7029AC893F00D9921C /* InstaCloneFirebase.app */ = {isa = PBXFileReference; explicitFileType = wrapper.application; includeInIndex = 0; path = InstaCloneFirebase.app; sourceTree = BUILT_PRODUCTS_DIR; };
		7BFAAA7329AC893F00D9921C /* AppDelegate.swift */ = {isa = PBXFileReference; lastKnownFileType = sourcecode.swift; path = AppDelegate.swift; sourceTree = "<group>"; };
		7BFAAA7529AC893F00D9921C /* SceneDelegate.swift */ = {isa = PBXFileReference; lastKnownFileType = sourcecode.swift; path = SceneDelegate.swift; sourceTree = "<group>"; };
		7BFAAA7729AC893F00D9921C /* ViewController.swift */ = {isa = PBXFileReference; lastKnownFileType = sourcecode.swift; path = ViewController.swift; sourceTree = "<group>"; };
		7BFAAA7A29AC893F00D9921C /* Base */ = {isa = PBXFileReference; lastKnownFileType = file.storyboard; name = Base; path = Base.lproj/Main.storyboard; sourceTree = "<group>"; };
		7BFAAA7C29AC894100D9921C /* Assets.xcassets */ = {isa = PBXFileReference; lastKnownFileType = folder.assetcatalog; path = Assets.xcassets; sourceTree = "<group>"; };
		7BFAAA7F29AC894100D9921C /* Base */ = {isa = PBXFileReference; lastKnownFileType = file.storyboard; name = Base; path = Base.lproj/LaunchScreen.storyboard; sourceTree = "<group>"; };
		7BFAAA8129AC894100D9921C /* Info.plist */ = {isa = PBXFileReference; lastKnownFileType = text.plist.xml; path = Info.plist; sourceTree = "<group>"; };
		7BFAAA8729AF630C00D9921C /* GoogleService-Info.plist */ = {isa = PBXFileReference; fileEncoding = 4; lastKnownFileType = text.plist.xml; path = "GoogleService-Info.plist"; sourceTree = "<group>"; };
/* End PBXFileReference section */

/* Begin PBXFrameworksBuildPhase section */
		7BFAAA6D29AC893F00D9921C /* Frameworks */ = {
			isa = PBXFrameworksBuildPhase;
			buildActionMask = 2147483647;
			files = (
				7BB71F5529B5E0A400DE5146 /* FirebaseFirestoreSwift in Frameworks */,
				7BB71F5929B5E0A400DE5146 /* FirebaseStorageCombine-Community in Frameworks */,
				7BB71F4D29B5E0A400DE5146 /* FirebaseAnalytics in Frameworks */,
				7BB71F5329B5E0A400DE5146 /* FirebaseFirestoreCombine-Community in Frameworks */,
				7BB71F4F29B5E0A400DE5146 /* FirebaseAuth in Frameworks */,
				7BB71F5129B5E0A400DE5146 /* FirebaseFirestore in Frameworks */,
				7BB71F5729B5E0A400DE5146 /* FirebaseStorage in Frameworks */,
			);
			runOnlyForDeploymentPostprocessing = 0;
		};
/* End PBXFrameworksBuildPhase section */

/* Begin PBXGroup section */
		7BFAAA6729AC893F00D9921C = {
			isa = PBXGroup;
			children = (
				7BFAAA7229AC893F00D9921C /* InstaCloneFirebase */,
				7BFAAA7129AC893F00D9921C /* Products */,
			);
			sourceTree = "<group>";
		};
		7BFAAA7129AC893F00D9921C /* Products */ = {
			isa = PBXGroup;
			children = (
				7BFAAA7029AC893F00D9921C /* InstaCloneFirebase.app */,
			);
			name = Products;
			sourceTree = "<group>";
		};
		7BFAAA7229AC893F00D9921C /* InstaCloneFirebase */ = {
			isa = PBXGroup;
			children = (
				7BFAAA7329AC893F00D9921C /* AppDelegate.swift */,
				7BFAAA7529AC893F00D9921C /* SceneDelegate.swift */,
				7BFAAA7729AC893F00D9921C /* ViewController.swift */,
				7BB71F6229B61A3B00DE5146 /* SignUpViewController.swift */,
				7BB71F5C29B608CB00DE5146 /* FeedViewController.swift */,
				7BB71F5E29B608E800DE5146 /* UploadViewController.swift */,
				7BB71F6029B6090100DE5146 /* ProfileViewController.swift */,
				7B7FC0D129C35E14001B957F /* FeedCell.swift */,
				7BFAAA7929AC893F00D9921C /* Main.storyboard */,
				7BB71F5A29B5FD9F00DE5146 /* LegenddayRegular.ttf */,
				7BFAAA7C29AC894100D9921C /* Assets.xcassets */,
				7BFAAA7E29AC894100D9921C /* LaunchScreen.storyboard */,
				7BFAAA8129AC894100D9921C /* Info.plist */,
				7BFAAA8729AF630C00D9921C /* GoogleService-Info.plist */,
			);
			path = InstaCloneFirebase;
			sourceTree = "<group>";
		};
/* End PBXGroup section */

/* Begin PBXNativeTarget section */
		7BFAAA6F29AC893F00D9921C /* InstaCloneFirebase */ = {
			isa = PBXNativeTarget;
			buildConfigurationList = 7BFAAA8429AC894100D9921C /* Build configuration list for PBXNativeTarget "InstaCloneFirebase" */;
			buildPhases = (
				7BFAAA6C29AC893F00D9921C /* Sources */,
				7BFAAA6D29AC893F00D9921C /* Frameworks */,
				7BFAAA6E29AC893F00D9921C /* Resources */,
			);
			buildRules = (
			);
			dependencies = (
			);
			name = InstaCloneFirebase;
			packageProductDependencies = (
				7BB71F4C29B5E0A400DE5146 /* FirebaseAnalytics */,
				7BB71F4E29B5E0A400DE5146 /* FirebaseAuth */,
				7BB71F5029B5E0A400DE5146 /* FirebaseFirestore */,
				7BB71F5229B5E0A400DE5146 /* FirebaseFirestoreCombine-Community */,
				7BB71F5429B5E0A400DE5146 /* FirebaseFirestoreSwift */,
				7BB71F5629B5E0A400DE5146 /* FirebaseStorage */,
				7BB71F5829B5E0A400DE5146 /* FirebaseStorageCombine-Community */,
			);
			productName = InstaCloneFirebase;
			productReference = 7BFAAA7029AC893F00D9921C /* InstaCloneFirebase.app */;
			productType = "com.apple.product-type.application";
		};
/* End PBXNativeTarget section */

/* Begin PBXProject section */
		7BFAAA6829AC893F00D9921C /* Project object */ = {
			isa = PBXProject;
			attributes = {
				BuildIndependentTargetsInParallel = 1;
				LastSwiftUpdateCheck = 1420;
				LastUpgradeCheck = 1420;
				TargetAttributes = {
					7BFAAA6F29AC893F00D9921C = {
						CreatedOnToolsVersion = 14.2;
					};
				};
			};
			buildConfigurationList = 7BFAAA6B29AC893F00D9921C /* Build configuration list for PBXProject "InstaCloneFirebase" */;
			compatibilityVersion = "Xcode 14.0";
			developmentRegion = en;
			hasScannedForEncodings = 0;
			knownRegions = (
				en,
				Base,
			);
			mainGroup = 7BFAAA6729AC893F00D9921C;
			packageReferences = (
				7BB71F4B29B5E0A400DE5146 /* XCRemoteSwiftPackageReference "firebase-ios-sdk" */,
			);
			productRefGroup = 7BFAAA7129AC893F00D9921C /* Products */;
			projectDirPath = "";
			projectRoot = "";
			targets = (
				7BFAAA6F29AC893F00D9921C /* InstaCloneFirebase */,
			);
		};
/* End PBXProject section */

/* Begin PBXResourcesBuildPhase section */
		7BFAAA6E29AC893F00D9921C /* Resources */ = {
			isa = PBXResourcesBuildPhase;
			buildActionMask = 2147483647;
			files = (
				7BFAAA8029AC894100D9921C /* LaunchScreen.storyboard in Resources */,
				7BFAAA8829AF630C00D9921C /* GoogleService-Info.plist in Resources */,
				7BFAAA7D29AC894100D9921C /* Assets.xcassets in Resources */,
				7BB71F5B29B5FD9F00DE5146 /* LegenddayRegular.ttf in Resources */,
				7BFAAA7B29AC893F00D9921C /* Main.storyboard in Resources */,
			);
			runOnlyForDeploymentPostprocessing = 0;
		};
/* End PBXResourcesBuildPhase section */

/* Begin PBXSourcesBuildPhase section */
		7BFAAA6C29AC893F00D9921C /* Sources */ = {
			isa = PBXSourcesBuildPhase;
			buildActionMask = 2147483647;
			files = (
				7BB71F6129B6090100DE5146 /* ProfileViewController.swift in Sources */,
				7BB71F6329B61A3B00DE5146 /* SignUpViewController.swift in Sources */,
				7BFAAA7829AC893F00D9921C /* ViewController.swift in Sources */,
				7BB71F5F29B608E800DE5146 /* UploadViewController.swift in Sources */,
				7BFAAA7429AC893F00D9921C /* AppDelegate.swift in Sources */,
				7B7FC0D229C35E14001B957F /* FeedCell.swift in Sources */,
				7BB71F5D29B608CB00DE5146 /* FeedViewController.swift in Sources */,
				7BFAAA7629AC893F00D9921C /* SceneDelegate.swift in Sources */,
			);
			runOnlyForDeploymentPostprocessing = 0;
		};
/* End PBXSourcesBuildPhase section */

/* Begin PBXVariantGroup section */
		7BFAAA7929AC893F00D9921C /* Main.storyboard */ = {
			isa = PBXVariantGroup;
			children = (
				7BFAAA7A29AC893F00D9921C /* Base */,
			);
			name = Main.storyboard;
			sourceTree = "<group>";
		};
		7BFAAA7E29AC894100D9921C /* LaunchScreen.storyboard */ = {
			isa = PBXVariantGroup;
			children = (
				7BFAAA7F29AC894100D9921C /* Base */,
			);
			name = LaunchScreen.storyboard;
			sourceTree = "<group>";
		};
/* End PBXVariantGroup section */

/* Begin XCBuildConfiguration section */
		7BFAAA8229AC894100D9921C /* Debug */ = {
			isa = XCBuildConfiguration;
			buildSettings = {
				ALWAYS_SEARCH_USER_PATHS = NO;
				CLANG_ANALYZER_NONNULL = YES;
				CLANG_ANALYZER_NUMBER_OBJECT_CONVERSION = YES_AGGRESSIVE;
				CLANG_CXX_LANGUAGE_STANDARD = "gnu++20";
				CLANG_ENABLE_MODULES = YES;
				CLANG_ENABLE_OBJC_ARC = YES;
				CLANG_ENABLE_OBJC_WEAK = YES;
				CLANG_WARN_BLOCK_CAPTURE_AUTORELEASING = YES;
				CLANG_WARN_BOOL_CONVERSION = YES;
				CLANG_WARN_COMMA = YES;
				CLANG_WARN_CONSTANT_CONVERSION = YES;
				CLANG_WARN_DEPRECATED_OBJC_IMPLEMENTATIONS = YES;
				CLANG_WARN_DIRECT_OBJC_ISA_USAGE = YES_ERROR;
				CLANG_WARN_DOCUMENTATION_COMMENTS = YES;
				CLANG_WARN_EMPTY_BODY = YES;
				CLANG_WARN_ENUM_CONVERSION = YES;
				CLANG_WARN_INFINITE_RECURSION = YES;
				CLANG_WARN_INT_CONVERSION = YES;
				CLANG_WARN_NON_LITERAL_NULL_CONVERSION = YES;
				CLANG_WARN_OBJC_IMPLICIT_RETAIN_SELF = YES;
				CLANG_WARN_OBJC_LITERAL_CONVERSION = YES;
				CLANG_WARN_OBJC_ROOT_CLASS = YES_ERROR;
				CLANG_WARN_QUOTED_INCLUDE_IN_FRAMEWORK_HEADER = YES;
				CLANG_WARN_RANGE_LOOP_ANALYSIS = YES;
				CLANG_WARN_STRICT_PROTOTYPES = YES;
				CLANG_WARN_SUSPICIOUS_MOVE = YES;
				CLANG_WARN_UNGUARDED_AVAILABILITY = YES_AGGRESSIVE;
				CLANG_WARN_UNREACHABLE_CODE = YES;
				CLANG_WARN__DUPLICATE_METHOD_MATCH = YES;
				COPY_PHASE_STRIP = NO;
				DEBUG_INFORMATION_FORMAT = dwarf;
				ENABLE_STRICT_OBJC_MSGSEND = YES;
				ENABLE_TESTABILITY = YES;
				GCC_C_LANGUAGE_STANDARD = gnu11;
				GCC_DYNAMIC_NO_PIC = NO;
				GCC_NO_COMMON_BLOCKS = YES;
				GCC_OPTIMIZATION_LEVEL = 0;
				GCC_PREPROCESSOR_DEFINITIONS = (
					"DEBUG=1",
					"$(inherited)",
				);
				GCC_WARN_64_TO_32_BIT_CONVERSION = YES;
				GCC_WARN_ABOUT_RETURN_TYPE = YES_ERROR;
				GCC_WARN_UNDECLARED_SELECTOR = YES;
				GCC_WARN_UNINITIALIZED_AUTOS = YES_AGGRESSIVE;
				GCC_WARN_UNUSED_FUNCTION = YES;
				GCC_WARN_UNUSED_VARIABLE = YES;
				IPHONEOS_DEPLOYMENT_TARGET = 16.2;
				MTL_ENABLE_DEBUG_INFO = INCLUDE_SOURCE;
				MTL_FAST_MATH = YES;
				ONLY_ACTIVE_ARCH = YES;
				SDKROOT = iphoneos;
				SWIFT_ACTIVE_COMPILATION_CONDITIONS = DEBUG;
				SWIFT_OPTIMIZATION_LEVEL = "-Onone";
			};
			name = Debug;
		};
		7BFAAA8329AC894100D9921C /* Release */ = {
			isa = XCBuildConfiguration;
			buildSettings = {
				ALWAYS_SEARCH_USER_PATHS = NO;
				CLANG_ANALYZER_NONNULL = YES;
				CLANG_ANALYZER_NUMBER_OBJECT_CONVERSION = YES_AGGRESSIVE;
				CLANG_CXX_LANGUAGE_STANDARD = "gnu++20";
				CLANG_ENABLE_MODULES = YES;
				CLANG_ENABLE_OBJC_ARC = YES;
				CLANG_ENABLE_OBJC_WEAK = YES;
				CLANG_WARN_BLOCK_CAPTURE_AUTORELEASING = YES;
				CLANG_WARN_BOOL_CONVERSION = YES;
				CLANG_WARN_COMMA = YES;
				CLANG_WARN_CONSTANT_CONVERSION = YES;
				CLANG_WARN_DEPRECATED_OBJC_IMPLEMENTATIONS = YES;
				CLANG_WARN_DIRECT_OBJC_ISA_USAGE = YES_ERROR;
				CLANG_WARN_DOCUMENTATION_COMMENTS = YES;
				CLANG_WARN_EMPTY_BODY = YES;
				CLANG_WARN_ENUM_CONVERSION = YES;
				CLANG_WARN_INFINITE_RECURSION = YES;
				CLANG_WARN_INT_CONVERSION = YES;
				CLANG_WARN_NON_LITERAL_NULL_CONVERSION = YES;
				CLANG_WARN_OBJC_IMPLICIT_RETAIN_SELF = YES;
				CLANG_WARN_OBJC_LITERAL_CONVERSION = YES;
				CLANG_WARN_OBJC_ROOT_CLASS = YES_ERROR;
				CLANG_WARN_QUOTED_INCLUDE_IN_FRAMEWORK_HEADER = YES;
				CLANG_WARN_RANGE_LOOP_ANALYSIS = YES;
				CLANG_WARN_STRICT_PROTOTYPES = YES;
				CLANG_WARN_SUSPICIOUS_MOVE = YES;
				CLANG_WARN_UNGUARDED_AVAILABILITY = YES_AGGRESSIVE;
				CLANG_WARN_UNREACHABLE_CODE = YES;
				CLANG_WARN__DUPLICATE_METHOD_MATCH = YES;
				COPY_PHASE_STRIP = NO;
				DEBUG_INFORMATION_FORMAT = "dwarf-with-dsym";
				ENABLE_NS_ASSERTIONS = NO;
				ENABLE_STRICT_OBJC_MSGSEND = YES;
				GCC_C_LANGUAGE_STANDARD = gnu11;
				GCC_NO_COMMON_BLOCKS = YES;
				GCC_WARN_64_TO_32_BIT_CONVERSION = YES;
				GCC_WARN_ABOUT_RETURN_TYPE = YES_ERROR;
				GCC_WARN_UNDECLARED_SELECTOR = YES;
				GCC_WARN_UNINITIALIZED_AUTOS = YES_AGGRESSIVE;
				GCC_WARN_UNUSED_FUNCTION = YES;
				GCC_WARN_UNUSED_VARIABLE = YES;
				IPHONEOS_DEPLOYMENT_TARGET = 16.2;
				MTL_ENABLE_DEBUG_INFO = NO;
				MTL_FAST_MATH = YES;
				SDKROOT = iphoneos;
				SWIFT_COMPILATION_MODE = wholemodule;
				SWIFT_OPTIMIZATION_LEVEL = "-O";
				VALIDATE_PRODUCT = YES;
			};
			name = Release;
		};
		7BFAAA8529AC894100D9921C /* Debug */ = {
			isa = XCBuildConfiguration;
			buildSettings = {
				ASSETCATALOG_COMPILER_APPICON_NAME = AppIcon;
				ASSETCATALOG_COMPILER_GLOBAL_ACCENT_COLOR_NAME = AccentColor;
				CODE_SIGN_STYLE = Automatic;
				CURRENT_PROJECT_VERSION = 1;
				DEVELOPMENT_TEAM = DNJ7VC4LDH;
				GENERATE_INFOPLIST_FILE = YES;
				INFOPLIST_FILE = InstaCloneFirebase/Info.plist;
				INFOPLIST_KEY_UIApplicationSupportsIndirectInputEvents = YES;
				INFOPLIST_KEY_UILaunchStoryboardName = LaunchScreen;
				INFOPLIST_KEY_UIMainStoryboardFile = Main;
				INFOPLIST_KEY_UISupportedInterfaceOrientations_iPad = "UIInterfaceOrientationPortrait UIInterfaceOrientationPortraitUpsideDown UIInterfaceOrientationLandscapeLeft UIInterfaceOrientationLandscapeRight";
				INFOPLIST_KEY_UISupportedInterfaceOrientations_iPhone = "UIInterfaceOrientationPortrait UIInterfaceOrientationLandscapeLeft UIInterfaceOrientationLandscapeRight";
				LD_RUNPATH_SEARCH_PATHS = (
					"$(inherited)",
					"@executable_path/Frameworks",
				);
				MARKETING_VERSION = 1.0;
				PRODUCT_BUNDLE_IDENTIFIER = com.nazlibekec.InstaCloneFirebase;
				PRODUCT_NAME = "$(TARGET_NAME)";
				SWIFT_EMIT_LOC_STRINGS = YES;
				SWIFT_VERSION = 5.0;
				TARGETED_DEVICE_FAMILY = "1,2";
			};
			name = Debug;
		};
		7BFAAA8629AC894100D9921C /* Release */ = {
			isa = XCBuildConfiguration;
			buildSettings = {
				ASSETCATALOG_COMPILER_APPICON_NAME = AppIcon;
				ASSETCATALOG_COMPILER_GLOBAL_ACCENT_COLOR_NAME = AccentColor;
				CODE_SIGN_STYLE = Automatic;
				CURRENT_PROJECT_VERSION = 1;
				DEVELOPMENT_TEAM = DNJ7VC4LDH;
				GENERATE_INFOPLIST_FILE = YES;
				INFOPLIST_FILE = InstaCloneFirebase/Info.plist;
				INFOPLIST_KEY_UIApplicationSupportsIndirectInputEvents = YES;
				INFOPLIST_KEY_UILaunchStoryboardName = LaunchScreen;
				INFOPLIST_KEY_UIMainStoryboardFile = Main;
				INFOPLIST_KEY_UISupportedInterfaceOrientations_iPad = "UIInterfaceOrientationPortrait UIInterfaceOrientationPortraitUpsideDown UIInterfaceOrientationLandscapeLeft UIInterfaceOrientationLandscapeRight";
				INFOPLIST_KEY_UISupportedInterfaceOrientations_iPhone = "UIInterfaceOrientationPortrait UIInterfaceOrientationLandscapeLeft UIInterfaceOrientationLandscapeRight";
				LD_RUNPATH_SEARCH_PATHS = (
					"$(inherited)",
					"@executable_path/Frameworks",
				);
				MARKETING_VERSION = 1.0;
				PRODUCT_BUNDLE_IDENTIFIER = com.nazlibekec.InstaCloneFirebase;
				PRODUCT_NAME = "$(TARGET_NAME)";
				SWIFT_EMIT_LOC_STRINGS = YES;
				SWIFT_VERSION = 5.0;
				TARGETED_DEVICE_FAMILY = "1,2";
			};
			name = Release;
		};
/* End XCBuildConfiguration section */

/* Begin XCConfigurationList section */
		7BFAAA6B29AC893F00D9921C /* Build configuration list for PBXProject "InstaCloneFirebase" */ = {
			isa = XCConfigurationList;
			buildConfigurations = (
				7BFAAA8229AC894100D9921C /* Debug */,
				7BFAAA8329AC894100D9921C /* Release */,
			);
			defaultConfigurationIsVisible = 0;
			defaultConfigurationName = Release;
		};
		7BFAAA8429AC894100D9921C /* Build configuration list for PBXNativeTarget "InstaCloneFirebase" */ = {
			isa = XCConfigurationList;
			buildConfigurations = (
				7BFAAA8529AC894100D9921C /* Debug */,
				7BFAAA8629AC894100D9921C /* Release */,
			);
			defaultConfigurationIsVisible = 0;
			defaultConfigurationName = Release;
		};
/* End XCConfigurationList section */

/* Begin XCRemoteSwiftPackageReference section */
		7BB71F4B29B5E0A400DE5146 /* XCRemoteSwiftPackageReference "firebase-ios-sdk" */ = {
			isa = XCRemoteSwiftPackageReference;
			repositoryURL = "https://github.com/firebase/firebase-ios-sdk";
			requirement = {
				kind = upToNextMajorVersion;
				minimumVersion = 9.0.0;
			};
		};
/* End XCRemoteSwiftPackageReference section */

/* Begin XCSwiftPackageProductDependency section */
		7BB71F4C29B5E0A400DE5146 /* FirebaseAnalytics */ = {
			isa = XCSwiftPackageProductDependency;
			package = 7BB71F4B29B5E0A400DE5146 /* XCRemoteSwiftPackageReference "firebase-ios-sdk" */;
			productName = FirebaseAnalytics;
		};
		7BB71F4E29B5E0A400DE5146 /* FirebaseAuth */ = {
			isa = XCSwiftPackageProductDependency;
			package = 7BB71F4B29B5E0A400DE5146 /* XCRemoteSwiftPackageReference "firebase-ios-sdk" */;
			productName = FirebaseAuth;
		};
		7BB71F5029B5E0A400DE5146 /* FirebaseFirestore */ = {
			isa = XCSwiftPackageProductDependency;
			package = 7BB71F4B29B5E0A400DE5146 /* XCRemoteSwiftPackageReference "firebase-ios-sdk" */;
			productName = FirebaseFirestore;
		};
		7BB71F5229B5E0A400DE5146 /* FirebaseFirestoreCombine-Community */ = {
			isa = XCSwiftPackageProductDependency;
			package = 7BB71F4B29B5E0A400DE5146 /* XCRemoteSwiftPackageReference "firebase-ios-sdk" */;
			productName = "FirebaseFirestoreCombine-Community";
		};
		7BB71F5429B5E0A400DE5146 /* FirebaseFirestoreSwift */ = {
			isa = XCSwiftPackageProductDependency;
			package = 7BB71F4B29B5E0A400DE5146 /* XCRemoteSwiftPackageReference "firebase-ios-sdk" */;
			productName = FirebaseFirestoreSwift;
		};
		7BB71F5629B5E0A400DE5146 /* FirebaseStorage */ = {
			isa = XCSwiftPackageProductDependency;
			package = 7BB71F4B29B5E0A400DE5146 /* XCRemoteSwiftPackageReference "firebase-ios-sdk" */;
			productName = FirebaseStorage;
		};
		7BB71F5829B5E0A400DE5146 /* FirebaseStorageCombine-Community */ = {
			isa = XCSwiftPackageProductDependency;
			package = 7BB71F4B29B5E0A400DE5146 /* XCRemoteSwiftPackageReference "firebase-ios-sdk" */;
			productName = "FirebaseStorageCombine-Community";
		};
/* End XCSwiftPackageProductDependency section */
	};
	rootObject = 7BFAAA6829AC893F00D9921C /* Project object */;
}
